
Microsoft Visual Studio Solution File, Format Version 12.00
# Visual Studio Version 16
VisualStudioVersion = 16.0.29806.167
MinimumVisualStudioVersion = 10.0.40219.1
Project("{FAE04EC0-301F-11D3-BF4B-00C04F79EFBC}") = "Prueba.Android", "Prueba\Prueba.Android\Prueba.Android.csproj", "{0988108A-4BAB-4AFF-AF79-0AD0891209CD}"
EndProject
Project("{FAE04EC0-301F-11D3-BF4B-00C04F79EFBC}") = "Prueba.iOS", "Prueba\Prueba.iOS\Prueba.iOS.csproj", "{9619446F-CDFF-4193-9434-4F3428D9E9B5}"
EndProject
Project("{FAE04EC0-301F-11D3-BF4B-00C04F79EFBC}") = "Prueba", "Prueba\Prueba\Prueba.csproj", "{A5324EDC-807C-4590-B2FC-1B74465DB702}"
EndProject
Global
	GlobalSection(SolutionConfigurationPlatforms) = preSolution
		Debug|Any CPU = Debug|Any CPU
		Debug|iPhone = Debug|iPhone
		Debug|iPhoneSimulator = Debug|iPhoneSimulator
		Release|Any CPU = Release|Any CPU
		Release|iPhone = Release|iPhone
		Release|iPhoneSimulator = Release|iPhoneSimulator
	EndGlobalSection
	GlobalSection(ProjectConfigurationPlatforms) = postSolution
		{0988108A-4BAB-4AFF-AF79-0AD0891209CD}.Debug|Any CPU.ActiveCfg = Debug|Any CPU
		{0988108A-4BAB-4AFF-AF79-0AD0891209CD}.Debug|Any CPU.Build.0 = Debug|Any CPU
		{0988108A-4BAB-4AFF-AF79-0AD0891209CD}.Debug|Any CPU.Deploy.0 = Debug|Any CPU
		{0988108A-4BAB-4AFF-AF79-0AD0891209CD}.Debug|iPhone.ActiveCfg = Debug|Any CPU
		{0988108A-4BAB-4AFF-AF79-0AD0891209CD}.Debug|iPhone.Build.0 = Debug|Any CPU
		{0988108A-4BAB-4AFF-AF79-0AD0891209CD}.Debug|iPhone.Deploy.0 = Debug|Any CPU
		{0988108A-4BAB-4AFF-AF79-0AD0891209CD}.Debug|iPhoneSimulator.ActiveCfg = Debug|Any CPU
		{0988108A-4BAB-4AFF-AF79-0AD0891209CD}.Debug|iPhoneSimulator.Build.0 = Debug|Any CPU
		{0988108A-4BAB-4AFF-AF79-0AD0891209CD}.Debug|iPhoneSimulator.Deploy.0 = Debug|Any CPU
		{0988108A-4BAB-4AFF-AF79-0AD0891209CD}.Release|Any CPU.ActiveCfg = Release|Any CPU
		{0988108A-4BAB-4AFF-AF79-0AD0891209CD}.Release|Any CPU.Build.0 = Release|Any CPU
		{0988108A-4BAB-4AFF-AF79-0AD0891209CD}.Release|Any CPU.Deploy.0 = Release|Any CPU
		{0988108A-4BAB-4AFF-AF79-0AD0891209CD}.Release|iPhone.ActiveCfg = Release|Any CPU
		{0988108A-4BAB-4AFF-AF79-0AD0891209CD}.Release|iPhone.Build.0 = Release|Any CPU
		{0988108A-4BAB-4AFF-AF79-0AD0891209CD}.Release|iPhone.Deploy.0 = Release|Any CPU
		{0988108A-4BAB-4AFF-AF79-0AD0891209CD}.Release|iPhoneSimulator.ActiveCfg = Release|Any CPU
		{0988108A-4BAB-4AFF-AF79-0AD0891209CD}.Release|iPhoneSimulator.Build.0 = Release|Any CPU
		{0988108A-4BAB-4AFF-AF79-0AD0891209CD}.Release|iPhoneSimulator.Deploy.0 = Release|Any CPU
		{9619446F-CDFF-4193-9434-4F3428D9E9B5}.Debug|Any CPU.ActiveCfg = Debug|iPhoneSimulator
		{9619446F-CDFF-4193-9434-4F3428D9E9B5}.Debug|Any CPU.Build.0 = Debug|iPhoneSimulator
		{9619446F-CDFF-4193-9434-4F3428D9E9B5}.Debug|Any CPU.Deploy.0 = Debug|iPhoneSimulator
		{9619446F-CDFF-4193-9434-4F3428D9E9B5}.Debug|iPhone.ActiveCfg = Debug|iPhone
		{9619446F-CDFF-4193-9434-4F3428D9E9B5}.Debug|iPhone.Build.0 = Debug|iPhone
		{9619446F-CDFF-4193-9434-4F3428D9E9B5}.Debug|iPhone.Deploy.0 = Debug|iPhone
		{9619446F-CDFF-4193-9434-4F3428D9E9B5}.Debug|iPhoneSimulator.ActiveCfg = Debug|iPhoneSimulator
		{9619446F-CDFF-4193-9434-4F3428D9E9B5}.Debug|iPhoneSimulator.Build.0 = Debug|iPhoneSimulator
		{9619446F-CDFF-4193-9434-4F3428D9E9B5}.Debug|iPhoneSimulator.Deploy.0 = Debug|iPhoneSimulator
		{9619446F-CDFF-4193-9434-4F3428D9E9B5}.Release|Any CPU.ActiveCfg = Release|iPhone
		{9619446F-CDFF-4193-9434-4F3428D9E9B5}.Release|Any CPU.Build.0 = Release|iPhone
		{9619446F-CDFF-4193-9434-4F3428D9E9B5}.Release|Any CPU.Deploy.0 = Release|iPhone
		{9619446F-CDFF-4193-9434-4F3428D9E9B5}.Release|iPhone.ActiveCfg = Release|iPhone
		{9619446F-CDFF-4193-9434-4F3428D9E9B5}.Release|iPhone.Build.0 = Release|iPhone
		{9619446F-CDFF-4193-9434-4F3428D9E9B5}.Release|iPhone.Deploy.0 = Release|iPhone
		{9619446F-CDFF-4193-9434-4F3428D9E9B5}.Release|iPhoneSimulator.ActiveCfg = Release|iPhoneSimulator
		{9619446F-CDFF-4193-9434-4F3428D9E9B5}.Release|iPhoneSimulator.Build.0 = Release|iPhoneSimulator
		{9619446F-CDFF-4193-9434-4F3428D9E9B5}.Release|iPhoneSimulator.Deploy.0 = Release|iPhoneSimulator
		{A5324EDC-807C-4590-B2FC-1B74465DB702}.Debug|Any CPU.ActiveCfg = Debug|Any CPU
		{A5324EDC-807C-4590-B2FC-1B74465DB702}.Debug|Any CPU.Build.0 = Debug|Any CPU
		{A5324EDC-807C-4590-B2FC-1B74465DB702}.Debug|Any CPU.Deploy.0 = Debug|Any CPU
		{A5324EDC-807C-4590-B2FC-1B74465DB702}.Debug|iPhone.ActiveCfg = Debug|Any CPU
		{A5324EDC-807C-4590-B2FC-1B74465DB702}.Debug|iPhone.Build.0 = Debug|Any CPU
		{A5324EDC-807C-4590-B2FC-1B74465DB702}.Debug|iPhone.Deploy.0 = Debug|Any CPU
		{A5324EDC-807C-4590-B2FC-1B74465DB702}.Debug|iPhoneSimulator.ActiveCfg = Debug|Any CPU
		{A5324EDC-807C-4590-B2FC-1B74465DB702}.Debug|iPhoneSimulator.Build.0 = Debug|Any CPU
		{A5324EDC-807C-4590-B2FC-1B74465DB702}.Debug|iPhoneSimulator.Deploy.0 = Debug|Any CPU
		{A5324EDC-807C-4590-B2FC-1B74465DB702}.Release|Any CPU.ActiveCfg = Release|Any CPU
		{A5324EDC-807C-4590-B2FC-1B74465DB702}.Release|Any CPU.Build.0 = Release|Any CPU
		{A5324EDC-807C-4590-B2FC-1B74465DB702}.Release|Any CPU.Deploy.0 = Release|Any CPU
		{A5324EDC-807C-4590-B2FC-1B74465DB702}.Release|iPhone.ActiveCfg = Release|Any CPU
		{A5324EDC-807C-4590-B2FC-1B74465DB702}.Release|iPhone.Build.0 = Release|Any CPU
		{A5324EDC-807C-4590-B2FC-1B74465DB702}.Release|iPhone.Deploy.0 = Release|Any CPU
		{A5324EDC-807C-4590-B2FC-1B74465DB702}.Release|iPhoneSimulator.ActiveCfg = Release|Any CPU
		{A5324EDC-807C-4590-B2FC-1B74465DB702}.Release|iPhoneSimulator.Build.0 = Release|Any CPU
		{A5324EDC-807C-4590-B2FC-1B74465DB702}.Release|iPhoneSimulator.Deploy.0 = Release|Any CPU
	EndGlobalSection
	GlobalSection(SolutionProperties) = preSolution
		HideSolutionNode = FALSE
	EndGlobalSection
	GlobalSection(ExtensibilityGlobals) = postSolution
		SolutionGuid = {1896C624-A480-4F39-B3FB-DB529F528244}
	EndGlobalSection
EndGlobal
